
Microsoft Visual Studio Solution File, Format Version 12.00
# Visual Studio 15
Project("{FAE04EC0-301F-11D3-BF4B-00C04F79EFBC}") = "Assembly-CSharp", "Assembly-CSharp.csproj", "{9024AF9E-D318-FEC4-35D8-FA05A350FF24}"
EndProject
Project("{FAE04EC0-301F-11D3-BF4B-00C04F79EFBC}") = "Assembly-CSharp-Editor", "Assembly-CSharp-Editor.csproj", "{232CEEB1-68D3-8B3F-64FA-89BC97B3419C}"
EndProject
Global
	GlobalSection(SolutionConfigurationPlatforms) = preSolution
		Debug|Any CPU = Debug|Any CPU
		Release|Any CPU = Release|Any CPU
	EndGlobalSection
	GlobalSection(ProjectConfigurationPlatforms) = postSolution
		{9024AF9E-D318-FEC4-35D8-FA05A350FF24}.Debug|Any CPU.ActiveCfg = Debug|Any CPU
		{9024AF9E-D318-FEC4-35D8-FA05A350FF24}.Debug|Any CPU.Build.0 = Debug|Any CPU
		{9024AF9E-D318-FEC4-35D8-FA05A350FF24}.Release|Any CPU.ActiveCfg = Release|Any CPU
		{9024AF9E-D318-FEC4-35D8-FA05A350FF24}.Release|Any CPU.Build.0 = Release|Any CPU
		{232CEEB1-68D3-8B3F-64FA-89BC97B3419C}.Debug|Any CPU.ActiveCfg = Debug|Any CPU
		{232CEEB1-68D3-8B3F-64FA-89BC97B3419C}.Debug|Any CPU.Build.0 = Debug|Any CPU
		{232CEEB1-68D3-8B3F-64FA-89BC97B3419C}.Release|Any CPU.ActiveCfg = Release|Any CPU
		{232CEEB1-68D3-8B3F-64FA-89BC97B3419C}.Release|Any CPU.Build.0 = Release|Any CPU
	EndGlobalSection
	GlobalSection(SolutionProperties) = preSolution
		HideSolutionNode = FALSE
	EndGlobalSection
EndGlobal
